
Microsoft Visual Studio Solution File, Format Version 12.00
# Visual Studio Version 17
VisualStudioVersion = 17.4.33213.308
MinimumVisualStudioVersion = 10.0.40219.1
Project("{8BC9CEB8-8B4A-11D0-8D11-00A0C91BC942}") = "prior_PA6", "prior_PA6\prior_PA6.vcxproj", "{23DA7EB8-7C50-401A-A1F4-04C5694B0AB9}"
EndProject
Global
	GlobalSection(SolutionConfigurationPlatforms) = preSolution
		Debug|x64 = Debug|x64
		Debug|x86 = Debug|x86
		Release|x64 = Release|x64
		Release|x86 = Release|x86
	EndGlobalSection
	GlobalSection(ProjectConfigurationPlatforms) = postSolution
		{23DA7EB8-7C50-401A-A1F4-04C5694B0AB9}.Debug|x64.ActiveCfg = Debug|x64
		{23DA7EB8-7C50-401A-A1F4-04C5694B0AB9}.Debug|x64.Build.0 = Debug|x64
		{23DA7EB8-7C50-401A-A1F4-04C5694B0AB9}.Debug|x86.ActiveCfg = Debug|Win32
		{23DA7EB8-7C50-401A-A1F4-04C5694B0AB9}.Debug|x86.Build.0 = Debug|Win32
		{23DA7EB8-7C50-401A-A1F4-04C5694B0AB9}.Release|x64.ActiveCfg = Release|x64
		{23DA7EB8-7C50-401A-A1F4-04C5694B0AB9}.Release|x64.Build.0 = Release|x64
		{23DA7EB8-7C50-401A-A1F4-04C5694B0AB9}.Release|x86.ActiveCfg = Release|Win32
		{23DA7EB8-7C50-401A-A1F4-04C5694B0AB9}.Release|x86.Build.0 = Release|Win32
	EndGlobalSection
	GlobalSection(SolutionProperties) = preSolution
		HideSolutionNode = FALSE
	EndGlobalSection
	GlobalSection(ExtensibilityGlobals) = postSolution
		SolutionGuid = {6508F7EA-EA60-4D83-9C44-F655B2E49546}
	EndGlobalSection
EndGlobal
